
Microsoft Visual Studio Solution File, Format Version 12.00
# Visual Studio Version 17
VisualStudioVersion = 17.5.002.0
MinimumVisualStudioVersion = 10.0.40219.1
Project("{9A19103F-16F7-4668-BE54-9A1E7A4F7556}") = "net6", "console.examples\net6.csproj", "{601EDCDE-F76A-4F6B-9D16-098D13522B00}"
EndProject
Project("{FAE04EC0-301F-11D3-BF4B-00C04F79EFBC}") = "ASP.NET 6 Features", "ASP.NET 6 Features\ASP.NET 6 Features.csproj", "{17C459F3-DA08-44B9-A539-6145F2A87A83}"
EndProject
Global
	GlobalSection(SolutionConfigurationPlatforms) = preSolution
		Debug|Any CPU = Debug|Any CPU
		Release|Any CPU = Release|Any CPU
	EndGlobalSection
	GlobalSection(ProjectConfigurationPlatforms) = postSolution
		{601EDCDE-F76A-4F6B-9D16-098D13522B00}.Debug|Any CPU.ActiveCfg = Debug|Any CPU
		{601EDCDE-F76A-4F6B-9D16-098D13522B00}.Debug|Any CPU.Build.0 = Debug|Any CPU
		{601EDCDE-F76A-4F6B-9D16-098D13522B00}.Release|Any CPU.ActiveCfg = Release|Any CPU
		{601EDCDE-F76A-4F6B-9D16-098D13522B00}.Release|Any CPU.Build.0 = Release|Any CPU
		{17C459F3-DA08-44B9-A539-6145F2A87A83}.Debug|Any CPU.ActiveCfg = Debug|Any CPU
		{17C459F3-DA08-44B9-A539-6145F2A87A83}.Debug|Any CPU.Build.0 = Debug|Any CPU
		{17C459F3-DA08-44B9-A539-6145F2A87A83}.Release|Any CPU.ActiveCfg = Release|Any CPU
		{17C459F3-DA08-44B9-A539-6145F2A87A83}.Release|Any CPU.Build.0 = Release|Any CPU
	EndGlobalSection
	GlobalSection(SolutionProperties) = preSolution
		HideSolutionNode = FALSE
	EndGlobalSection
	GlobalSection(ExtensibilityGlobals) = postSolution
		SolutionGuid = {E9E48E52-8CF3-493F-8FAF-B26E6D511330}
	EndGlobalSection
EndGlobal
